
Microsoft Visual Studio Solution File, Format Version 12.00
# Visual Studio Version 17
VisualStudioVersion = 17.5.33502.453
MinimumVisualStudioVersion = 10.0.40219.1
Project("{2150E333-8FDC-42A3-9474-1A3956D46DE8}") = "framework", "framework", "{D4C2FC70-1EFA-4E6C-8831-96D011A8622B}"
EndProject
Project("{778DAE3C-4631-46EA-AA77-85C1314464D9}") = "libmysql", "LibMySQL\libmysql.vbproj", "{560551C4-3081-4529-80F8-768FB042208A}"
EndProject
Project("{778DAE3C-4631-46EA-AA77-85C1314464D9}") = "Core", "..\..\..\GCModeller\src\runtime\sciBASIC#\Microsoft.VisualBasic.Core\src\Core.vbproj", "{A7FFE141-E491-415C-803A-58FD449AA7AA}"
EndProject
Project("{F184B08F-C81C-45F6-A57F-5ABD9991F28F}") = "CodeSolution", "CodeSolution\CodeSolution.vbproj", "{6FBB3D95-4D76-42B8-A991-A4BEED9831BC}"
EndProject
Project("{778DAE3C-4631-46EA-AA77-85C1314464D9}") = "Reflector", "Reflector\Reflector.vbproj", "{8A02381A-18E7-44CD-9A5A-F67310864C3D}"
EndProject
Project("{778DAE3C-4631-46EA-AA77-85C1314464D9}") = "markdown.NET5", "..\..\..\GCModeller\src\runtime\sciBASIC#\mime\text%markdown\markdown.NET5.vbproj", "{60080EDC-AD94-4B0C-A0D4-CD20FA7FF320}"
EndProject
Project("{778DAE3C-4631-46EA-AA77-85C1314464D9}") = "html_netcore5", "..\..\..\GCModeller\src\runtime\sciBASIC#\mime\text%html\html_netcore5.vbproj", "{C5A4C3F5-5627-4EC5-A03B-E790D7A29142}"
EndProject
Project("{778DAE3C-4631-46EA-AA77-85C1314464D9}") = "test", "test\test.vbproj", "{65BDD478-5ED5-4631-81C7-1CC9828CEBC3}"
EndProject
Global
	GlobalSection(SolutionConfigurationPlatforms) = preSolution
		Biodeep|Any CPU = Biodeep|Any CPU
		Biodeep|x64 = Biodeep|x64
		Biodeep|x86 = Biodeep|x86
		Debug|Any CPU = Debug|Any CPU
		Debug|x64 = Debug|x64
		Debug|x86 = Debug|x86
		GCModeller(Release_X64)|Any CPU = GCModeller(Release_X64)|Any CPU
		GCModeller(Release_X64)|x64 = GCModeller(Release_X64)|x64
		GCModeller(Release_X64)|x86 = GCModeller(Release_X64)|x86
		GCModeller(UNIX-Release_X64)|Any CPU = GCModeller(UNIX-Release_X64)|Any CPU
		GCModeller(UNIX-Release_X64)|x64 = GCModeller(UNIX-Release_X64)|x64
		GCModeller(UNIX-Release_X64)|x86 = GCModeller(UNIX-Release_X64)|x86
		gcmodeller_desktop|Any CPU = gcmodeller_desktop|Any CPU
		gcmodeller_desktop|x64 = gcmodeller_desktop|x64
		gcmodeller_desktop|x86 = gcmodeller_desktop|x86
		LipidSearch|Any CPU = LipidSearch|Any CPU
		LipidSearch|x64 = LipidSearch|x64
		LipidSearch|x86 = LipidSearch|x86
		mysqli_X64_release|Any CPU = mysqli_X64_release|Any CPU
		mysqli_X64_release|x64 = mysqli_X64_release|x64
		mysqli_X64_release|x86 = mysqli_X64_release|x86
		mzkit_win32|Any CPU = mzkit_win32|Any CPU
		mzkit_win32|x64 = mzkit_win32|x64
		mzkit_win32|x86 = mzkit_win32|x86
		mzkit|Any CPU = mzkit|Any CPU
		mzkit|x64 = mzkit|x64
		mzkit|x86 = mzkit|x86
		NPSearch|Any CPU = NPSearch|Any CPU
		NPSearch|x64 = NPSearch|x64
		NPSearch|x86 = NPSearch|x86
		PlantMAT|Any CPU = PlantMAT|Any CPU
		PlantMAT|x64 = PlantMAT|x64
		PlantMAT|x86 = PlantMAT|x86
		Publish|Any CPU = Publish|Any CPU
		Publish|x64 = Publish|x64
		Publish|x86 = Publish|x86
		Release|Any CPU = Release|Any CPU
		Release|x64 = Release|x64
		Release|x86 = Release|x86
		Rsharp_app_release|Any CPU = Rsharp_app_release|Any CPU
		Rsharp_app_release|x64 = Rsharp_app_release|x64
		Rsharp_app_release|x86 = Rsharp_app_release|x86
	EndGlobalSection
	GlobalSection(ProjectConfigurationPlatforms) = postSolution
		{560551C4-3081-4529-80F8-768FB042208A}.Biodeep|Any CPU.ActiveCfg = Rsharp_app_release|Any CPU
		{560551C4-3081-4529-80F8-768FB042208A}.Biodeep|Any CPU.Build.0 = Rsharp_app_release|Any CPU
		{560551C4-3081-4529-80F8-768FB042208A}.Biodeep|x64.ActiveCfg = Rsharp_app_release|x64
		{560551C4-3081-4529-80F8-768FB042208A}.Biodeep|x64.Build.0 = Rsharp_app_release|x64
		{560551C4-3081-4529-80F8-768FB042208A}.Biodeep|x86.ActiveCfg = Rsharp_app_release|Any CPU
		{560551C4-3081-4529-80F8-768FB042208A}.Biodeep|x86.Build.0 = Rsharp_app_release|Any CPU
		{560551C4-3081-4529-80F8-768FB042208A}.Debug|Any CPU.ActiveCfg = Debug|Any CPU
		{560551C4-3081-4529-80F8-768FB042208A}.Debug|Any CPU.Build.0 = Debug|Any CPU
		{560551C4-3081-4529-80F8-768FB042208A}.Debug|x64.ActiveCfg = Debug|x64
		{560551C4-3081-4529-80F8-768FB042208A}.Debug|x64.Build.0 = Debug|x64
		{560551C4-3081-4529-80F8-768FB042208A}.Debug|x86.ActiveCfg = Debug|Any CPU
		{560551C4-3081-4529-80F8-768FB042208A}.Debug|x86.Build.0 = Debug|Any CPU
		{560551C4-3081-4529-80F8-768FB042208A}.GCModeller(Release_X64)|Any CPU.ActiveCfg = Release|Any CPU
		{560551C4-3081-4529-80F8-768FB042208A}.GCModeller(Release_X64)|Any CPU.Build.0 = Release|Any CPU
		{560551C4-3081-4529-80F8-768FB042208A}.GCModeller(Release_X64)|x64.ActiveCfg = Release|x64
		{560551C4-3081-4529-80F8-768FB042208A}.GCModeller(Release_X64)|x64.Build.0 = Release|x64
		{560551C4-3081-4529-80F8-768FB042208A}.GCModeller(Release_X64)|x86.ActiveCfg = Release|Any CPU
		{560551C4-3081-4529-80F8-768FB042208A}.GCModeller(Release_X64)|x86.Build.0 = Release|Any CPU
		{560551C4-3081-4529-80F8-768FB042208A}.GCModeller(UNIX-Release_X64)|Any CPU.ActiveCfg = Release|Any CPU
		{560551C4-3081-4529-80F8-768FB042208A}.GCModeller(UNIX-Release_X64)|Any CPU.Build.0 = Release|Any CPU
		{560551C4-3081-4529-80F8-768FB042208A}.GCModeller(UNIX-Release_X64)|x64.ActiveCfg = Release|x64
		{560551C4-3081-4529-80F8-768FB042208A}.GCModeller(UNIX-Release_X64)|x64.Build.0 = Release|x64
		{560551C4-3081-4529-80F8-768FB042208A}.GCModeller(UNIX-Release_X64)|x86.ActiveCfg = Release|Any CPU
		{560551C4-3081-4529-80F8-768FB042208A}.GCModeller(UNIX-Release_X64)|x86.Build.0 = Release|Any CPU
		{560551C4-3081-4529-80F8-768FB042208A}.gcmodeller_desktop|Any CPU.ActiveCfg = Debug|Any CPU
		{560551C4-3081-4529-80F8-768FB042208A}.gcmodeller_desktop|Any CPU.Build.0 = Debug|Any CPU
		{560551C4-3081-4529-80F8-768FB042208A}.gcmodeller_desktop|x64.ActiveCfg = Debug|x64
		{560551C4-3081-4529-80F8-768FB042208A}.gcmodeller_desktop|x64.Build.0 = Debug|x64
		{560551C4-3081-4529-80F8-768FB042208A}.gcmodeller_desktop|x86.ActiveCfg = Debug|Any CPU
		{560551C4-3081-4529-80F8-768FB042208A}.gcmodeller_desktop|x86.Build.0 = Debug|Any CPU
		{560551C4-3081-4529-80F8-768FB042208A}.LipidSearch|Any CPU.ActiveCfg = Debug|Any CPU
		{560551C4-3081-4529-80F8-768FB042208A}.LipidSearch|Any CPU.Build.0 = Debug|Any CPU
		{560551C4-3081-4529-80F8-768FB042208A}.LipidSearch|x64.ActiveCfg = Debug|x64
		{560551C4-3081-4529-80F8-768FB042208A}.LipidSearch|x64.Build.0 = Debug|x64
		{560551C4-3081-4529-80F8-768FB042208A}.LipidSearch|x86.ActiveCfg = Debug|Any CPU
		{560551C4-3081-4529-80F8-768FB042208A}.LipidSearch|x86.Build.0 = Debug|Any CPU
		{560551C4-3081-4529-80F8-768FB042208A}.mysqli_X64_release|Any CPU.ActiveCfg = Rsharp_app_release|Any CPU
		{560551C4-3081-4529-80F8-768FB042208A}.mysqli_X64_release|Any CPU.Build.0 = Rsharp_app_release|Any CPU
		{560551C4-3081-4529-80F8-768FB042208A}.mysqli_X64_release|x64.ActiveCfg = Rsharp_app_release|x64
		{560551C4-3081-4529-80F8-768FB042208A}.mysqli_X64_release|x64.Build.0 = Rsharp_app_release|x64
		{560551C4-3081-4529-80F8-768FB042208A}.mysqli_X64_release|x86.ActiveCfg = Rsharp_app_release|Any CPU
		{560551C4-3081-4529-80F8-768FB042208A}.mysqli_X64_release|x86.Build.0 = Rsharp_app_release|Any CPU
		{560551C4-3081-4529-80F8-768FB042208A}.mzkit_win32|Any CPU.ActiveCfg = Debug|Any CPU
		{560551C4-3081-4529-80F8-768FB042208A}.mzkit_win32|Any CPU.Build.0 = Debug|Any CPU
		{560551C4-3081-4529-80F8-768FB042208A}.mzkit_win32|x64.ActiveCfg = Debug|x64
		{560551C4-3081-4529-80F8-768FB042208A}.mzkit_win32|x64.Build.0 = Debug|x64
		{560551C4-3081-4529-80F8-768FB042208A}.mzkit_win32|x86.ActiveCfg = Debug|Any CPU
		{560551C4-3081-4529-80F8-768FB042208A}.mzkit_win32|x86.Build.0 = Debug|Any CPU
		{560551C4-3081-4529-80F8-768FB042208A}.mzkit|Any CPU.ActiveCfg = Debug|Any CPU
		{560551C4-3081-4529-80F8-768FB042208A}.mzkit|Any CPU.Build.0 = Debug|Any CPU
		{560551C4-3081-4529-80F8-768FB042208A}.mzkit|x64.ActiveCfg = Debug|x64
		{560551C4-3081-4529-80F8-768FB042208A}.mzkit|x64.Build.0 = Debug|x64
		{560551C4-3081-4529-80F8-768FB042208A}.mzkit|x86.ActiveCfg = Debug|Any CPU
		{560551C4-3081-4529-80F8-768FB042208A}.mzkit|x86.Build.0 = Debug|Any CPU
		{560551C4-3081-4529-80F8-768FB042208A}.NPSearch|Any CPU.ActiveCfg = Debug|Any CPU
		{560551C4-3081-4529-80F8-768FB042208A}.NPSearch|Any CPU.Build.0 = Debug|Any CPU
		{560551C4-3081-4529-80F8-768FB042208A}.NPSearch|x64.ActiveCfg = Debug|x64
		{560551C4-3081-4529-80F8-768FB042208A}.NPSearch|x64.Build.0 = Debug|x64
		{560551C4-3081-4529-80F8-768FB042208A}.NPSearch|x86.ActiveCfg = Debug|Any CPU
		{560551C4-3081-4529-80F8-768FB042208A}.NPSearch|x86.Build.0 = Debug|Any CPU
		{560551C4-3081-4529-80F8-768FB042208A}.PlantMAT|Any CPU.ActiveCfg = Debug|Any CPU
		{560551C4-3081-4529-80F8-768FB042208A}.PlantMAT|Any CPU.Build.0 = Debug|Any CPU
		{560551C4-3081-4529-80F8-768FB042208A}.PlantMAT|x64.ActiveCfg = Debug|x64
		{560551C4-3081-4529-80F8-768FB042208A}.PlantMAT|x64.Build.0 = Debug|x64
		{560551C4-3081-4529-80F8-768FB042208A}.PlantMAT|x86.ActiveCfg = Debug|Any CPU
		{560551C4-3081-4529-80F8-768FB042208A}.PlantMAT|x86.Build.0 = Debug|Any CPU
		{560551C4-3081-4529-80F8-768FB042208A}.Publish|Any CPU.ActiveCfg = Rsharp_app_release|Any CPU
		{560551C4-3081-4529-80F8-768FB042208A}.Publish|Any CPU.Build.0 = Rsharp_app_release|Any CPU
		{560551C4-3081-4529-80F8-768FB042208A}.Publish|x64.ActiveCfg = Rsharp_app_release|x64
		{560551C4-3081-4529-80F8-768FB042208A}.Publish|x64.Build.0 = Rsharp_app_release|x64
		{560551C4-3081-4529-80F8-768FB042208A}.Publish|x86.ActiveCfg = Rsharp_app_release|Any CPU
		{560551C4-3081-4529-80F8-768FB042208A}.Publish|x86.Build.0 = Rsharp_app_release|Any CPU
		{560551C4-3081-4529-80F8-768FB042208A}.Release|Any CPU.ActiveCfg = Release|Any CPU
		{560551C4-3081-4529-80F8-768FB042208A}.Release|Any CPU.Build.0 = Release|Any CPU
		{560551C4-3081-4529-80F8-768FB042208A}.Release|x64.ActiveCfg = Release|x64
		{560551C4-3081-4529-80F8-768FB042208A}.Release|x64.Build.0 = Release|x64
		{560551C4-3081-4529-80F8-768FB042208A}.Release|x86.ActiveCfg = Release|Any CPU
		{560551C4-3081-4529-80F8-768FB042208A}.Release|x86.Build.0 = Release|Any CPU
		{560551C4-3081-4529-80F8-768FB042208A}.Rsharp_app_release|Any CPU.ActiveCfg = Rsharp_app_release|Any CPU
		{560551C4-3081-4529-80F8-768FB042208A}.Rsharp_app_release|Any CPU.Build.0 = Rsharp_app_release|Any CPU
		{560551C4-3081-4529-80F8-768FB042208A}.Rsharp_app_release|x64.ActiveCfg = Rsharp_app_release|x64
		{560551C4-3081-4529-80F8-768FB042208A}.Rsharp_app_release|x64.Build.0 = Rsharp_app_release|x64
		{560551C4-3081-4529-80F8-768FB042208A}.Rsharp_app_release|x86.ActiveCfg = Rsharp_app_release|Any CPU
		{560551C4-3081-4529-80F8-768FB042208A}.Rsharp_app_release|x86.Build.0 = Rsharp_app_release|Any CPU
		{A7FFE141-E491-415C-803A-58FD449AA7AA}.Biodeep|Any CPU.ActiveCfg = Rsharp_app_release|Any CPU
		{A7FFE141-E491-415C-803A-58FD449AA7AA}.Biodeep|Any CPU.Build.0 = Rsharp_app_release|Any CPU
		{A7FFE141-E491-415C-803A-58FD449AA7AA}.Biodeep|x64.ActiveCfg = Rsharp_app_release|x64
		{A7FFE141-E491-415C-803A-58FD449AA7AA}.Biodeep|x64.Build.0 = Rsharp_app_release|x64
		{A7FFE141-E491-415C-803A-58FD449AA7AA}.Biodeep|x86.ActiveCfg = Rsharp_app_release|x86
		{A7FFE141-E491-415C-803A-58FD449AA7AA}.Biodeep|x86.Build.0 = Rsharp_app_release|x86
		{A7FFE141-E491-415C-803A-58FD449AA7AA}.Debug|Any CPU.ActiveCfg = Debug|Any CPU
		{A7FFE141-E491-415C-803A-58FD449AA7AA}.Debug|Any CPU.Build.0 = Debug|Any CPU
		{A7FFE141-E491-415C-803A-58FD449AA7AA}.Debug|x64.ActiveCfg = Debug|x64
		{A7FFE141-E491-415C-803A-58FD449AA7AA}.Debug|x64.Build.0 = Debug|x64
		{A7FFE141-E491-415C-803A-58FD449AA7AA}.Debug|x86.ActiveCfg = Debug|x86
		{A7FFE141-E491-415C-803A-58FD449AA7AA}.Debug|x86.Build.0 = Debug|x86
		{A7FFE141-E491-415C-803A-58FD449AA7AA}.GCModeller(Release_X64)|Any CPU.ActiveCfg = gcmodeller_desktop|Any CPU
		{A7FFE141-E491-415C-803A-58FD449AA7AA}.GCModeller(Release_X64)|Any CPU.Build.0 = gcmodeller_desktop|Any CPU
		{A7FFE141-E491-415C-803A-58FD449AA7AA}.GCModeller(Release_X64)|x64.ActiveCfg = gcmodeller_desktop|x64
		{A7FFE141-E491-415C-803A-58FD449AA7AA}.GCModeller(Release_X64)|x64.Build.0 = gcmodeller_desktop|x64
		{A7FFE141-E491-415C-803A-58FD449AA7AA}.GCModeller(Release_X64)|x86.ActiveCfg = gcmodeller_desktop|x86
		{A7FFE141-E491-415C-803A-58FD449AA7AA}.GCModeller(Release_X64)|x86.Build.0 = gcmodeller_desktop|x86
		{A7FFE141-E491-415C-803A-58FD449AA7AA}.GCModeller(UNIX-Release_X64)|Any CPU.ActiveCfg = gcmodeller_desktop|Any CPU
		{A7FFE141-E491-415C-803A-58FD449AA7AA}.GCModeller(UNIX-Release_X64)|Any CPU.Build.0 = gcmodeller_desktop|Any CPU
		{A7FFE141-E491-415C-803A-58FD449AA7AA}.GCModeller(UNIX-Release_X64)|x64.ActiveCfg = gcmodeller_desktop|x64
		{A7FFE141-E491-415C-803A-58FD449AA7AA}.GCModeller(UNIX-Release_X64)|x64.Build.0 = gcmodeller_desktop|x64
		{A7FFE141-E491-415C-803A-58FD449AA7AA}.GCModeller(UNIX-Release_X64)|x86.ActiveCfg = gcmodeller_desktop|x86
		{A7FFE141-E491-415C-803A-58FD449AA7AA}.GCModeller(UNIX-Release_X64)|x86.Build.0 = gcmodeller_desktop|x86
		{A7FFE141-E491-415C-803A-58FD449AA7AA}.gcmodeller_desktop|Any CPU.ActiveCfg = gcmodeller_desktop|Any CPU
		{A7FFE141-E491-415C-803A-58FD449AA7AA}.gcmodeller_desktop|Any CPU.Build.0 = gcmodeller_desktop|Any CPU
		{A7FFE141-E491-415C-803A-58FD449AA7AA}.gcmodeller_desktop|x64.ActiveCfg = gcmodeller_desktop|x64
		{A7FFE141-E491-415C-803A-58FD449AA7AA}.gcmodeller_desktop|x64.Build.0 = gcmodeller_desktop|x64
		{A7FFE141-E491-415C-803A-58FD449AA7AA}.gcmodeller_desktop|x86.ActiveCfg = gcmodeller_desktop|x86
		{A7FFE141-E491-415C-803A-58FD449AA7AA}.gcmodeller_desktop|x86.Build.0 = gcmodeller_desktop|x86
		{A7FFE141-E491-415C-803A-58FD449AA7AA}.LipidSearch|Any CPU.ActiveCfg = LipidSearch|Any CPU
		{A7FFE141-E491-415C-803A-58FD449AA7AA}.LipidSearch|Any CPU.Build.0 = LipidSearch|Any CPU
		{A7FFE141-E491-415C-803A-58FD449AA7AA}.LipidSearch|x64.ActiveCfg = LipidSearch|x64
		{A7FFE141-E491-415C-803A-58FD449AA7AA}.LipidSearch|x64.Build.0 = LipidSearch|x64
		{A7FFE141-E491-415C-803A-58FD449AA7AA}.LipidSearch|x86.ActiveCfg = LipidSearch|x86
		{A7FFE141-E491-415C-803A-58FD449AA7AA}.LipidSearch|x86.Build.0 = LipidSearch|x86
		{A7FFE141-E491-415C-803A-58FD449AA7AA}.mysqli_X64_release|Any CPU.ActiveCfg = mzkit_win32|Any CPU
		{A7FFE141-E491-415C-803A-58FD449AA7AA}.mysqli_X64_release|Any CPU.Build.0 = mzkit_win32|Any CPU
		{A7FFE141-E491-415C-803A-58FD449AA7AA}.mysqli_X64_release|x64.ActiveCfg = Rsharp_app_release|x64
		{A7FFE141-E491-415C-803A-58FD449AA7AA}.mysqli_X64_release|x64.Build.0 = Rsharp_app_release|x64
		{A7FFE141-E491-415C-803A-58FD449AA7AA}.mysqli_X64_release|x86.ActiveCfg = mzkit_win32|x86
		{A7FFE141-E491-415C-803A-58FD449AA7AA}.mysqli_X64_release|x86.Build.0 = mzkit_win32|x86
		{A7FFE141-E491-415C-803A-58FD449AA7AA}.mzkit_win32|Any CPU.ActiveCfg = mzkit_win32|Any CPU
		{A7FFE141-E491-415C-803A-58FD449AA7AA}.mzkit_win32|Any CPU.Build.0 = mzkit_win32|Any CPU
		{A7FFE141-E491-415C-803A-58FD449AA7AA}.mzkit_win32|x64.ActiveCfg = mzkit_win32|x64
		{A7FFE141-E491-415C-803A-58FD449AA7AA}.mzkit_win32|x64.Build.0 = mzkit_win32|x64
		{A7FFE141-E491-415C-803A-58FD449AA7AA}.mzkit_win32|x86.ActiveCfg = mzkit_win32|x86
		{A7FFE141-E491-415C-803A-58FD449AA7AA}.mzkit_win32|x86.Build.0 = mzkit_win32|x86
		{A7FFE141-E491-415C-803A-58FD449AA7AA}.mzkit|Any CPU.ActiveCfg = mzkit|Any CPU
		{A7FFE141-E491-415C-803A-58FD449AA7AA}.mzkit|Any CPU.Build.0 = mzkit|Any CPU
		{A7FFE141-E491-415C-803A-58FD449AA7AA}.mzkit|x64.ActiveCfg = mzkit|x64
		{A7FFE141-E491-415C-803A-58FD449AA7AA}.mzkit|x64.Build.0 = mzkit|x64
		{A7FFE141-E491-415C-803A-58FD449AA7AA}.mzkit|x86.ActiveCfg = mzkit|x86
		{A7FFE141-E491-415C-803A-58FD449AA7AA}.mzkit|x86.Build.0 = mzkit|x86
		{A7FFE141-E491-415C-803A-58FD449AA7AA}.NPSearch|Any CPU.ActiveCfg = NPSearch|Any CPU
		{A7FFE141-E491-415C-803A-58FD449AA7AA}.NPSearch|Any CPU.Build.0 = NPSearch|Any CPU
		{A7FFE141-E491-415C-803A-58FD449AA7AA}.NPSearch|x64.ActiveCfg = NPSearch|x64
		{A7FFE141-E491-415C-803A-58FD449AA7AA}.NPSearch|x64.Build.0 = NPSearch|x64
		{A7FFE141-E491-415C-803A-58FD449AA7AA}.NPSearch|x86.ActiveCfg = NPSearch|x86
		{A7FFE141-E491-415C-803A-58FD449AA7AA}.NPSearch|x86.Build.0 = NPSearch|x86
		{A7FFE141-E491-415C-803A-58FD449AA7AA}.PlantMAT|Any CPU.ActiveCfg = PlantMAT|Any CPU
		{A7FFE141-E491-415C-803A-58FD449AA7AA}.PlantMAT|Any CPU.Build.0 = PlantMAT|Any CPU
		{A7FFE141-E491-415C-803A-58FD449AA7AA}.PlantMAT|x64.ActiveCfg = PlantMAT|x64
		{A7FFE141-E491-415C-803A-58FD449AA7AA}.PlantMAT|x64.Build.0 = PlantMAT|x64
		{A7FFE141-E491-415C-803A-58FD449AA7AA}.PlantMAT|x86.ActiveCfg = PlantMAT|x86
		{A7FFE141-E491-415C-803A-58FD449AA7AA}.PlantMAT|x86.Build.0 = PlantMAT|x86
		{A7FFE141-E491-415C-803A-58FD449AA7AA}.Publish|Any CPU.ActiveCfg = PlantMAT|Any CPU
		{A7FFE141-E491-415C-803A-58FD449AA7AA}.Publish|Any CPU.Build.0 = PlantMAT|Any CPU
		{A7FFE141-E491-415C-803A-58FD449AA7AA}.Publish|x64.ActiveCfg = PlantMAT|x64
		{A7FFE141-E491-415C-803A-58FD449AA7AA}.Publish|x64.Build.0 = PlantMAT|x64
		{A7FFE141-E491-415C-803A-58FD449AA7AA}.Publish|x86.ActiveCfg = PlantMAT|x86
		{A7FFE141-E491-415C-803A-58FD449AA7AA}.Publish|x86.Build.0 = PlantMAT|x86
		{A7FFE141-E491-415C-803A-58FD449AA7AA}.Release|Any CPU.ActiveCfg = Release|Any CPU
		{A7FFE141-E491-415C-803A-58FD449AA7AA}.Release|Any CPU.Build.0 = Release|Any CPU
		{A7FFE141-E491-415C-803A-58FD449AA7AA}.Release|x64.ActiveCfg = Release|x64
		{A7FFE141-E491-415C-803A-58FD449AA7AA}.Release|x64.Build.0 = Release|x64
		{A7FFE141-E491-415C-803A-58FD449AA7AA}.Release|x86.ActiveCfg = Release|x86
		{A7FFE141-E491-415C-803A-58FD449AA7AA}.Release|x86.Build.0 = Release|x86
		{A7FFE141-E491-415C-803A-58FD449AA7AA}.Rsharp_app_release|Any CPU.ActiveCfg = Rsharp_app_release|Any CPU
		{A7FFE141-E491-415C-803A-58FD449AA7AA}.Rsharp_app_release|Any CPU.Build.0 = Rsharp_app_release|Any CPU
		{A7FFE141-E491-415C-803A-58FD449AA7AA}.Rsharp_app_release|x64.ActiveCfg = Rsharp_app_release|x64
		{A7FFE141-E491-415C-803A-58FD449AA7AA}.Rsharp_app_release|x64.Build.0 = Rsharp_app_release|x64
		{A7FFE141-E491-415C-803A-58FD449AA7AA}.Rsharp_app_release|x86.ActiveCfg = Rsharp_app_release|x86
		{A7FFE141-E491-415C-803A-58FD449AA7AA}.Rsharp_app_release|x86.Build.0 = Rsharp_app_release|x86
		{6FBB3D95-4D76-42B8-A991-A4BEED9831BC}.Biodeep|Any CPU.ActiveCfg = Biodeep|Any CPU
		{6FBB3D95-4D76-42B8-A991-A4BEED9831BC}.Biodeep|Any CPU.Build.0 = Biodeep|Any CPU
		{6FBB3D95-4D76-42B8-A991-A4BEED9831BC}.Biodeep|x64.ActiveCfg = Biodeep|x64
		{6FBB3D95-4D76-42B8-A991-A4BEED9831BC}.Biodeep|x64.Build.0 = Biodeep|x64
		{6FBB3D95-4D76-42B8-A991-A4BEED9831BC}.Biodeep|x86.ActiveCfg = Biodeep|x86
		{6FBB3D95-4D76-42B8-A991-A4BEED9831BC}.Biodeep|x86.Build.0 = Biodeep|x86
		{6FBB3D95-4D76-42B8-A991-A4BEED9831BC}.Debug|Any CPU.ActiveCfg = Debug|Any CPU
		{6FBB3D95-4D76-42B8-A991-A4BEED9831BC}.Debug|Any CPU.Build.0 = Debug|Any CPU
		{6FBB3D95-4D76-42B8-A991-A4BEED9831BC}.Debug|x64.ActiveCfg = Debug|x64
		{6FBB3D95-4D76-42B8-A991-A4BEED9831BC}.Debug|x64.Build.0 = Debug|x64
		{6FBB3D95-4D76-42B8-A991-A4BEED9831BC}.Debug|x86.ActiveCfg = Debug|x86
		{6FBB3D95-4D76-42B8-A991-A4BEED9831BC}.Debug|x86.Build.0 = Debug|x86
		{6FBB3D95-4D76-42B8-A991-A4BEED9831BC}.GCModeller(Release_X64)|Any CPU.ActiveCfg = GCModeller(Release_X64)|Any CPU
		{6FBB3D95-4D76-42B8-A991-A4BEED9831BC}.GCModeller(Release_X64)|Any CPU.Build.0 = GCModeller(Release_X64)|Any CPU
		{6FBB3D95-4D76-42B8-A991-A4BEED9831BC}.GCModeller(Release_X64)|x64.ActiveCfg = GCModeller(Release_X64)|x64
		{6FBB3D95-4D76-42B8-A991-A4BEED9831BC}.GCModeller(Release_X64)|x64.Build.0 = GCModeller(Release_X64)|x64
		{6FBB3D95-4D76-42B8-A991-A4BEED9831BC}.GCModeller(Release_X64)|x86.ActiveCfg = GCModeller(Release_X64)|x86
		{6FBB3D95-4D76-42B8-A991-A4BEED9831BC}.GCModeller(Release_X64)|x86.Build.0 = GCModeller(Release_X64)|x86
		{6FBB3D95-4D76-42B8-A991-A4BEED9831BC}.GCModeller(UNIX-Release_X64)|Any CPU.ActiveCfg = GCModeller(UNIX-Release_X64)|Any CPU
		{6FBB3D95-4D76-42B8-A991-A4BEED9831BC}.GCModeller(UNIX-Release_X64)|Any CPU.Build.0 = GCModeller(UNIX-Release_X64)|Any CPU
		{6FBB3D95-4D76-42B8-A991-A4BEED9831BC}.GCModeller(UNIX-Release_X64)|x64.ActiveCfg = GCModeller(UNIX-Release_X64)|x64
		{6FBB3D95-4D76-42B8-A991-A4BEED9831BC}.GCModeller(UNIX-Release_X64)|x64.Build.0 = GCModeller(UNIX-Release_X64)|x64
		{6FBB3D95-4D76-42B8-A991-A4BEED9831BC}.GCModeller(UNIX-Release_X64)|x86.ActiveCfg = GCModeller(UNIX-Release_X64)|x86
		{6FBB3D95-4D76-42B8-A991-A4BEED9831BC}.GCModeller(UNIX-Release_X64)|x86.Build.0 = GCModeller(UNIX-Release_X64)|x86
		{6FBB3D95-4D76-42B8-A991-A4BEED9831BC}.gcmodeller_desktop|Any CPU.ActiveCfg = GCModeller(Release_X64)|Any CPU
		{6FBB3D95-4D76-42B8-A991-A4BEED9831BC}.gcmodeller_desktop|Any CPU.Build.0 = GCModeller(Release_X64)|Any CPU
		{6FBB3D95-4D76-42B8-A991-A4BEED9831BC}.gcmodeller_desktop|x64.ActiveCfg = GCModeller(Release_X64)|x64
		{6FBB3D95-4D76-42B8-A991-A4BEED9831BC}.gcmodeller_desktop|x64.Build.0 = GCModeller(Release_X64)|x64
		{6FBB3D95-4D76-42B8-A991-A4BEED9831BC}.gcmodeller_desktop|x86.ActiveCfg = GCModeller(Release_X64)|x86
		{6FBB3D95-4D76-42B8-A991-A4BEED9831BC}.gcmodeller_desktop|x86.Build.0 = GCModeller(Release_X64)|x86
		{6FBB3D95-4D76-42B8-A991-A4BEED9831BC}.LipidSearch|Any CPU.ActiveCfg = Debug|Any CPU
		{6FBB3D95-4D76-42B8-A991-A4BEED9831BC}.LipidSearch|Any CPU.Build.0 = Debug|Any CPU
		{6FBB3D95-4D76-42B8-A991-A4BEED9831BC}.LipidSearch|x64.ActiveCfg = Debug|x64
		{6FBB3D95-4D76-42B8-A991-A4BEED9831BC}.LipidSearch|x64.Build.0 = Debug|x64
		{6FBB3D95-4D76-42B8-A991-A4BEED9831BC}.LipidSearch|x86.ActiveCfg = Debug|x86
		{6FBB3D95-4D76-42B8-A991-A4BEED9831BC}.LipidSearch|x86.Build.0 = Debug|x86
		{6FBB3D95-4D76-42B8-A991-A4BEED9831BC}.mysqli_X64_release|Any CPU.ActiveCfg = mysqli_X64_release|Any CPU
		{6FBB3D95-4D76-42B8-A991-A4BEED9831BC}.mysqli_X64_release|Any CPU.Build.0 = mysqli_X64_release|Any CPU
		{6FBB3D95-4D76-42B8-A991-A4BEED9831BC}.mysqli_X64_release|x64.ActiveCfg = Rsharp_app_release|x64
		{6FBB3D95-4D76-42B8-A991-A4BEED9831BC}.mysqli_X64_release|x64.Build.0 = Rsharp_app_release|x64
		{6FBB3D95-4D76-42B8-A991-A4BEED9831BC}.mysqli_X64_release|x86.ActiveCfg = mysqli_X64_release|x86
		{6FBB3D95-4D76-42B8-A991-A4BEED9831BC}.mysqli_X64_release|x86.Build.0 = mysqli_X64_release|x86
		{6FBB3D95-4D76-42B8-A991-A4BEED9831BC}.mzkit_win32|Any CPU.ActiveCfg = mysqli_X64_release|Any CPU
		{6FBB3D95-4D76-42B8-A991-A4BEED9831BC}.mzkit_win32|Any CPU.Build.0 = mysqli_X64_release|Any CPU
		{6FBB3D95-4D76-42B8-A991-A4BEED9831BC}.mzkit_win32|x64.ActiveCfg = mysqli_X64_release|x64
		{6FBB3D95-4D76-42B8-A991-A4BEED9831BC}.mzkit_win32|x64.Build.0 = mysqli_X64_release|x64
		{6FBB3D95-4D76-42B8-A991-A4BEED9831BC}.mzkit_win32|x86.ActiveCfg = mysqli_X64_release|x86
		{6FBB3D95-4D76-42B8-A991-A4BEED9831BC}.mzkit_win32|x86.Build.0 = mysqli_X64_release|x86
		{6FBB3D95-4D76-42B8-A991-A4BEED9831BC}.mzkit|Any CPU.ActiveCfg = mysqli_X64_release|Any CPU
		{6FBB3D95-4D76-42B8-A991-A4BEED9831BC}.mzkit|Any CPU.Build.0 = mysqli_X64_release|Any CPU
		{6FBB3D95-4D76-42B8-A991-A4BEED9831BC}.mzkit|x64.ActiveCfg = mysqli_X64_release|x64
		{6FBB3D95-4D76-42B8-A991-A4BEED9831BC}.mzkit|x64.Build.0 = mysqli_X64_release|x64
		{6FBB3D95-4D76-42B8-A991-A4BEED9831BC}.mzkit|x86.ActiveCfg = mysqli_X64_release|x86
		{6FBB3D95-4D76-42B8-A991-A4BEED9831BC}.mzkit|x86.Build.0 = mysqli_X64_release|x86
		{6FBB3D95-4D76-42B8-A991-A4BEED9831BC}.NPSearch|Any CPU.ActiveCfg = Debug|Any CPU
		{6FBB3D95-4D76-42B8-A991-A4BEED9831BC}.NPSearch|Any CPU.Build.0 = Debug|Any CPU
		{6FBB3D95-4D76-42B8-A991-A4BEED9831BC}.NPSearch|x64.ActiveCfg = Debug|x64
		{6FBB3D95-4D76-42B8-A991-A4BEED9831BC}.NPSearch|x64.Build.0 = Debug|x64
		{6FBB3D95-4D76-42B8-A991-A4BEED9831BC}.NPSearch|x86.ActiveCfg = Debug|x86
		{6FBB3D95-4D76-42B8-A991-A4BEED9831BC}.NPSearch|x86.Build.0 = Debug|x86
		{6FBB3D95-4D76-42B8-A991-A4BEED9831BC}.PlantMAT|Any CPU.ActiveCfg = Publish|Any CPU
		{6FBB3D95-4D76-42B8-A991-A4BEED9831BC}.PlantMAT|Any CPU.Build.0 = Publish|Any CPU
		{6FBB3D95-4D76-42B8-A991-A4BEED9831BC}.PlantMAT|x64.ActiveCfg = Publish|x64
		{6FBB3D95-4D76-42B8-A991-A4BEED9831BC}.PlantMAT|x64.Build.0 = Publish|x64
		{6FBB3D95-4D76-42B8-A991-A4BEED9831BC}.PlantMAT|x86.ActiveCfg = Publish|x86
		{6FBB3D95-4D76-42B8-A991-A4BEED9831BC}.PlantMAT|x86.Build.0 = Publish|x86
		{6FBB3D95-4D76-42B8-A991-A4BEED9831BC}.Publish|Any CPU.ActiveCfg = Publish|Any CPU
		{6FBB3D95-4D76-42B8-A991-A4BEED9831BC}.Publish|Any CPU.Build.0 = Publish|Any CPU
		{6FBB3D95-4D76-42B8-A991-A4BEED9831BC}.Publish|x64.ActiveCfg = Publish|x64
		{6FBB3D95-4D76-42B8-A991-A4BEED9831BC}.Publish|x64.Build.0 = Publish|x64
		{6FBB3D95-4D76-42B8-A991-A4BEED9831BC}.Publish|x86.ActiveCfg = Publish|x86
		{6FBB3D95-4D76-42B8-A991-A4BEED9831BC}.Publish|x86.Build.0 = Publish|x86
		{6FBB3D95-4D76-42B8-A991-A4BEED9831BC}.Release|Any CPU.ActiveCfg = Release|Any CPU
		{6FBB3D95-4D76-42B8-A991-A4BEED9831BC}.Release|Any CPU.Build.0 = Release|Any CPU
		{6FBB3D95-4D76-42B8-A991-A4BEED9831BC}.Release|x64.ActiveCfg = Release|x64
		{6FBB3D95-4D76-42B8-A991-A4BEED9831BC}.Release|x64.Build.0 = Release|x64
		{6FBB3D95-4D76-42B8-A991-A4BEED9831BC}.Release|x86.ActiveCfg = Release|x86
		{6FBB3D95-4D76-42B8-A991-A4BEED9831BC}.Release|x86.Build.0 = Release|x86
		{6FBB3D95-4D76-42B8-A991-A4BEED9831BC}.Rsharp_app_release|Any CPU.ActiveCfg = Release|Any CPU
		{6FBB3D95-4D76-42B8-A991-A4BEED9831BC}.Rsharp_app_release|Any CPU.Build.0 = Release|Any CPU
		{6FBB3D95-4D76-42B8-A991-A4BEED9831BC}.Rsharp_app_release|x64.ActiveCfg = Release|x64
		{6FBB3D95-4D76-42B8-A991-A4BEED9831BC}.Rsharp_app_release|x64.Build.0 = Release|x64
		{6FBB3D95-4D76-42B8-A991-A4BEED9831BC}.Rsharp_app_release|x86.ActiveCfg = Release|x86
		{6FBB3D95-4D76-42B8-A991-A4BEED9831BC}.Rsharp_app_release|x86.Build.0 = Release|x86
		{8A02381A-18E7-44CD-9A5A-F67310864C3D}.Biodeep|Any CPU.ActiveCfg = Debug|Any CPU
		{8A02381A-18E7-44CD-9A5A-F67310864C3D}.Biodeep|Any CPU.Build.0 = Debug|Any CPU
		{8A02381A-18E7-44CD-9A5A-F67310864C3D}.Biodeep|x64.ActiveCfg = Debug|x64
		{8A02381A-18E7-44CD-9A5A-F67310864C3D}.Biodeep|x64.Build.0 = Debug|x64
		{8A02381A-18E7-44CD-9A5A-F67310864C3D}.Biodeep|x86.ActiveCfg = Debug|x86
		{8A02381A-18E7-44CD-9A5A-F67310864C3D}.Biodeep|x86.Build.0 = Debug|x86
		{8A02381A-18E7-44CD-9A5A-F67310864C3D}.Debug|Any CPU.ActiveCfg = Debug|Any CPU
		{8A02381A-18E7-44CD-9A5A-F67310864C3D}.Debug|Any CPU.Build.0 = Debug|Any CPU
		{8A02381A-18E7-44CD-9A5A-F67310864C3D}.Debug|x64.ActiveCfg = Debug|x64
		{8A02381A-18E7-44CD-9A5A-F67310864C3D}.Debug|x64.Build.0 = Debug|x64
		{8A02381A-18E7-44CD-9A5A-F67310864C3D}.Debug|x86.ActiveCfg = Debug|x86
		{8A02381A-18E7-44CD-9A5A-F67310864C3D}.Debug|x86.Build.0 = Debug|x86
		{8A02381A-18E7-44CD-9A5A-F67310864C3D}.GCModeller(Release_X64)|Any CPU.ActiveCfg = GCModeller(Release_X64)|Any CPU
		{8A02381A-18E7-44CD-9A5A-F67310864C3D}.GCModeller(Release_X64)|Any CPU.Build.0 = GCModeller(Release_X64)|Any CPU
		{8A02381A-18E7-44CD-9A5A-F67310864C3D}.GCModeller(Release_X64)|x64.ActiveCfg = GCModeller(Release_X64)|x64
		{8A02381A-18E7-44CD-9A5A-F67310864C3D}.GCModeller(Release_X64)|x64.Build.0 = GCModeller(Release_X64)|x64
		{8A02381A-18E7-44CD-9A5A-F67310864C3D}.GCModeller(Release_X64)|x86.ActiveCfg = GCModeller(Release_X64)|x86
		{8A02381A-18E7-44CD-9A5A-F67310864C3D}.GCModeller(Release_X64)|x86.Build.0 = GCModeller(Release_X64)|x86
		{8A02381A-18E7-44CD-9A5A-F67310864C3D}.GCModeller(UNIX-Release_X64)|Any CPU.ActiveCfg = GCModeller(UNIX-Release_X64)|Any CPU
		{8A02381A-18E7-44CD-9A5A-F67310864C3D}.GCModeller(UNIX-Release_X64)|Any CPU.Build.0 = GCModeller(UNIX-Release_X64)|Any CPU
		{8A02381A-18E7-44CD-9A5A-F67310864C3D}.GCModeller(UNIX-Release_X64)|x64.ActiveCfg = GCModeller(UNIX-Release_X64)|x64
		{8A02381A-18E7-44CD-9A5A-F67310864C3D}.GCModeller(UNIX-Release_X64)|x64.Build.0 = GCModeller(UNIX-Release_X64)|x64
		{8A02381A-18E7-44CD-9A5A-F67310864C3D}.GCModeller(UNIX-Release_X64)|x86.ActiveCfg = GCModeller(UNIX-Release_X64)|x86
		{8A02381A-18E7-44CD-9A5A-F67310864C3D}.GCModeller(UNIX-Release_X64)|x86.Build.0 = GCModeller(UNIX-Release_X64)|x86
		{8A02381A-18E7-44CD-9A5A-F67310864C3D}.gcmodeller_desktop|Any CPU.ActiveCfg = GCModeller(Release_X64)|Any CPU
		{8A02381A-18E7-44CD-9A5A-F67310864C3D}.gcmodeller_desktop|Any CPU.Build.0 = GCModeller(Release_X64)|Any CPU
		{8A02381A-18E7-44CD-9A5A-F67310864C3D}.gcmodeller_desktop|x64.ActiveCfg = GCModeller(Release_X64)|x64
		{8A02381A-18E7-44CD-9A5A-F67310864C3D}.gcmodeller_desktop|x64.Build.0 = GCModeller(Release_X64)|x64
		{8A02381A-18E7-44CD-9A5A-F67310864C3D}.gcmodeller_desktop|x86.ActiveCfg = GCModeller(Release_X64)|x86
		{8A02381A-18E7-44CD-9A5A-F67310864C3D}.gcmodeller_desktop|x86.Build.0 = GCModeller(Release_X64)|x86
		{8A02381A-18E7-44CD-9A5A-F67310864C3D}.LipidSearch|Any CPU.ActiveCfg = Debug|Any CPU
		{8A02381A-18E7-44CD-9A5A-F67310864C3D}.LipidSearch|Any CPU.Build.0 = Debug|Any CPU
		{8A02381A-18E7-44CD-9A5A-F67310864C3D}.LipidSearch|x64.ActiveCfg = Debug|x64
		{8A02381A-18E7-44CD-9A5A-F67310864C3D}.LipidSearch|x64.Build.0 = Debug|x64
		{8A02381A-18E7-44CD-9A5A-F67310864C3D}.LipidSearch|x86.ActiveCfg = Debug|x86
		{8A02381A-18E7-44CD-9A5A-F67310864C3D}.LipidSearch|x86.Build.0 = Debug|x86
		{8A02381A-18E7-44CD-9A5A-F67310864C3D}.mysqli_X64_release|Any CPU.ActiveCfg = mysqli_X64_release|Any CPU
		{8A02381A-18E7-44CD-9A5A-F67310864C3D}.mysqli_X64_release|Any CPU.Build.0 = mysqli_X64_release|Any CPU
		{8A02381A-18E7-44CD-9A5A-F67310864C3D}.mysqli_X64_release|x64.ActiveCfg = mysqli_X64_release|x64
		{8A02381A-18E7-44CD-9A5A-F67310864C3D}.mysqli_X64_release|x64.Build.0 = mysqli_X64_release|x64
		{8A02381A-18E7-44CD-9A5A-F67310864C3D}.mysqli_X64_release|x86.ActiveCfg = mysqli_X64_release|x86
		{8A02381A-18E7-44CD-9A5A-F67310864C3D}.mysqli_X64_release|x86.Build.0 = mysqli_X64_release|x86
		{8A02381A-18E7-44CD-9A5A-F67310864C3D}.mzkit_win32|Any CPU.ActiveCfg = mysqli_X64_release|Any CPU
		{8A02381A-18E7-44CD-9A5A-F67310864C3D}.mzkit_win32|Any CPU.Build.0 = mysqli_X64_release|Any CPU
		{8A02381A-18E7-44CD-9A5A-F67310864C3D}.mzkit_win32|x64.ActiveCfg = mysqli_X64_release|x64
		{8A02381A-18E7-44CD-9A5A-F67310864C3D}.mzkit_win32|x64.Build.0 = mysqli_X64_release|x64
		{8A02381A-18E7-44CD-9A5A-F67310864C3D}.mzkit_win32|x86.ActiveCfg = mysqli_X64_release|x86
		{8A02381A-18E7-44CD-9A5A-F67310864C3D}.mzkit_win32|x86.Build.0 = mysqli_X64_release|x86
		{8A02381A-18E7-44CD-9A5A-F67310864C3D}.mzkit|Any CPU.ActiveCfg = mysqli_X64_release|Any CPU
		{8A02381A-18E7-44CD-9A5A-F67310864C3D}.mzkit|Any CPU.Build.0 = mysqli_X64_release|Any CPU
		{8A02381A-18E7-44CD-9A5A-F67310864C3D}.mzkit|x64.ActiveCfg = mysqli_X64_release|x64
		{8A02381A-18E7-44CD-9A5A-F67310864C3D}.mzkit|x64.Build.0 = mysqli_X64_release|x64
		{8A02381A-18E7-44CD-9A5A-F67310864C3D}.mzkit|x86.ActiveCfg = mysqli_X64_release|x86
		{8A02381A-18E7-44CD-9A5A-F67310864C3D}.mzkit|x86.Build.0 = mysqli_X64_release|x86
		{8A02381A-18E7-44CD-9A5A-F67310864C3D}.NPSearch|Any CPU.ActiveCfg = Debug|Any CPU
		{8A02381A-18E7-44CD-9A5A-F67310864C3D}.NPSearch|Any CPU.Build.0 = Debug|Any CPU
		{8A02381A-18E7-44CD-9A5A-F67310864C3D}.NPSearch|x64.ActiveCfg = Debug|x64
		{8A02381A-18E7-44CD-9A5A-F67310864C3D}.NPSearch|x64.Build.0 = Debug|x64
		{8A02381A-18E7-44CD-9A5A-F67310864C3D}.NPSearch|x86.ActiveCfg = Debug|x86
		{8A02381A-18E7-44CD-9A5A-F67310864C3D}.NPSearch|x86.Build.0 = Debug|x86
		{8A02381A-18E7-44CD-9A5A-F67310864C3D}.PlantMAT|Any CPU.ActiveCfg = Publish|Any CPU
		{8A02381A-18E7-44CD-9A5A-F67310864C3D}.PlantMAT|Any CPU.Build.0 = Publish|Any CPU
		{8A02381A-18E7-44CD-9A5A-F67310864C3D}.PlantMAT|x64.ActiveCfg = Publish|x64
		{8A02381A-18E7-44CD-9A5A-F67310864C3D}.PlantMAT|x64.Build.0 = Publish|x64
		{8A02381A-18E7-44CD-9A5A-F67310864C3D}.PlantMAT|x86.ActiveCfg = Publish|x86
		{8A02381A-18E7-44CD-9A5A-F67310864C3D}.PlantMAT|x86.Build.0 = Publish|x86
		{8A02381A-18E7-44CD-9A5A-F67310864C3D}.Publish|Any CPU.ActiveCfg = Publish|Any CPU
		{8A02381A-18E7-44CD-9A5A-F67310864C3D}.Publish|Any CPU.Build.0 = Publish|Any CPU
		{8A02381A-18E7-44CD-9A5A-F67310864C3D}.Publish|x64.ActiveCfg = Publish|x64
		{8A02381A-18E7-44CD-9A5A-F67310864C3D}.Publish|x64.Build.0 = Publish|x64
		{8A02381A-18E7-44CD-9A5A-F67310864C3D}.Publish|x86.ActiveCfg = Publish|x86
		{8A02381A-18E7-44CD-9A5A-F67310864C3D}.Publish|x86.Build.0 = Publish|x86
		{8A02381A-18E7-44CD-9A5A-F67310864C3D}.Release|Any CPU.ActiveCfg = Release|Any CPU
		{8A02381A-18E7-44CD-9A5A-F67310864C3D}.Release|Any CPU.Build.0 = Release|Any CPU
		{8A02381A-18E7-44CD-9A5A-F67310864C3D}.Release|x64.ActiveCfg = Release|x64
		{8A02381A-18E7-44CD-9A5A-F67310864C3D}.Release|x64.Build.0 = Release|x64
		{8A02381A-18E7-44CD-9A5A-F67310864C3D}.Release|x86.ActiveCfg = Release|x86
		{8A02381A-18E7-44CD-9A5A-F67310864C3D}.Release|x86.Build.0 = Release|x86
		{8A02381A-18E7-44CD-9A5A-F67310864C3D}.Rsharp_app_release|Any CPU.ActiveCfg = Release|Any CPU
		{8A02381A-18E7-44CD-9A5A-F67310864C3D}.Rsharp_app_release|Any CPU.Build.0 = Release|Any CPU
		{8A02381A-18E7-44CD-9A5A-F67310864C3D}.Rsharp_app_release|x64.ActiveCfg = Release|x64
		{8A02381A-18E7-44CD-9A5A-F67310864C3D}.Rsharp_app_release|x64.Build.0 = Release|x64
		{8A02381A-18E7-44CD-9A5A-F67310864C3D}.Rsharp_app_release|x86.ActiveCfg = Release|x86
		{8A02381A-18E7-44CD-9A5A-F67310864C3D}.Rsharp_app_release|x86.Build.0 = Release|x86
		{60080EDC-AD94-4B0C-A0D4-CD20FA7FF320}.Biodeep|Any CPU.ActiveCfg = Debug|Any CPU
		{60080EDC-AD94-4B0C-A0D4-CD20FA7FF320}.Biodeep|Any CPU.Build.0 = Debug|Any CPU
		{60080EDC-AD94-4B0C-A0D4-CD20FA7FF320}.Biodeep|x64.ActiveCfg = Debug|x64
		{60080EDC-AD94-4B0C-A0D4-CD20FA7FF320}.Biodeep|x64.Build.0 = Debug|x64
		{60080EDC-AD94-4B0C-A0D4-CD20FA7FF320}.Biodeep|x86.ActiveCfg = Debug|Any CPU
		{60080EDC-AD94-4B0C-A0D4-CD20FA7FF320}.Biodeep|x86.Build.0 = Debug|Any CPU
		{60080EDC-AD94-4B0C-A0D4-CD20FA7FF320}.Debug|Any CPU.ActiveCfg = Debug|Any CPU
		{60080EDC-AD94-4B0C-A0D4-CD20FA7FF320}.Debug|Any CPU.Build.0 = Debug|Any CPU
		{60080EDC-AD94-4B0C-A0D4-CD20FA7FF320}.Debug|x64.ActiveCfg = Debug|x64
		{60080EDC-AD94-4B0C-A0D4-CD20FA7FF320}.Debug|x64.Build.0 = Debug|x64
		{60080EDC-AD94-4B0C-A0D4-CD20FA7FF320}.Debug|x86.ActiveCfg = Debug|Any CPU
		{60080EDC-AD94-4B0C-A0D4-CD20FA7FF320}.Debug|x86.Build.0 = Debug|Any CPU
		{60080EDC-AD94-4B0C-A0D4-CD20FA7FF320}.GCModeller(Release_X64)|Any CPU.ActiveCfg = gcmodeller_desktop|Any CPU
		{60080EDC-AD94-4B0C-A0D4-CD20FA7FF320}.GCModeller(Release_X64)|Any CPU.Build.0 = gcmodeller_desktop|Any CPU
		{60080EDC-AD94-4B0C-A0D4-CD20FA7FF320}.GCModeller(Release_X64)|x64.ActiveCfg = gcmodeller_desktop|x64
		{60080EDC-AD94-4B0C-A0D4-CD20FA7FF320}.GCModeller(Release_X64)|x64.Build.0 = gcmodeller_desktop|x64
		{60080EDC-AD94-4B0C-A0D4-CD20FA7FF320}.GCModeller(Release_X64)|x86.ActiveCfg = gcmodeller_desktop|Any CPU
		{60080EDC-AD94-4B0C-A0D4-CD20FA7FF320}.GCModeller(Release_X64)|x86.Build.0 = gcmodeller_desktop|Any CPU
		{60080EDC-AD94-4B0C-A0D4-CD20FA7FF320}.GCModeller(UNIX-Release_X64)|Any CPU.ActiveCfg = gcmodeller_desktop|Any CPU
		{60080EDC-AD94-4B0C-A0D4-CD20FA7FF320}.GCModeller(UNIX-Release_X64)|Any CPU.Build.0 = gcmodeller_desktop|Any CPU
		{60080EDC-AD94-4B0C-A0D4-CD20FA7FF320}.GCModeller(UNIX-Release_X64)|x64.ActiveCfg = gcmodeller_desktop|x64
		{60080EDC-AD94-4B0C-A0D4-CD20FA7FF320}.GCModeller(UNIX-Release_X64)|x64.Build.0 = gcmodeller_desktop|x64
		{60080EDC-AD94-4B0C-A0D4-CD20FA7FF320}.GCModeller(UNIX-Release_X64)|x86.ActiveCfg = gcmodeller_desktop|Any CPU
		{60080EDC-AD94-4B0C-A0D4-CD20FA7FF320}.GCModeller(UNIX-Release_X64)|x86.Build.0 = gcmodeller_desktop|Any CPU
		{60080EDC-AD94-4B0C-A0D4-CD20FA7FF320}.gcmodeller_desktop|Any CPU.ActiveCfg = gcmodeller_desktop|Any CPU
		{60080EDC-AD94-4B0C-A0D4-CD20FA7FF320}.gcmodeller_desktop|Any CPU.Build.0 = gcmodeller_desktop|Any CPU
		{60080EDC-AD94-4B0C-A0D4-CD20FA7FF320}.gcmodeller_desktop|x64.ActiveCfg = gcmodeller_desktop|x64
		{60080EDC-AD94-4B0C-A0D4-CD20FA7FF320}.gcmodeller_desktop|x64.Build.0 = gcmodeller_desktop|x64
		{60080EDC-AD94-4B0C-A0D4-CD20FA7FF320}.gcmodeller_desktop|x86.ActiveCfg = gcmodeller_desktop|Any CPU
		{60080EDC-AD94-4B0C-A0D4-CD20FA7FF320}.gcmodeller_desktop|x86.Build.0 = gcmodeller_desktop|Any CPU
		{60080EDC-AD94-4B0C-A0D4-CD20FA7FF320}.LipidSearch|Any CPU.ActiveCfg = LipidSearch|Any CPU
		{60080EDC-AD94-4B0C-A0D4-CD20FA7FF320}.LipidSearch|Any CPU.Build.0 = LipidSearch|Any CPU
		{60080EDC-AD94-4B0C-A0D4-CD20FA7FF320}.LipidSearch|x64.ActiveCfg = LipidSearch|x64
		{60080EDC-AD94-4B0C-A0D4-CD20FA7FF320}.LipidSearch|x64.Build.0 = LipidSearch|x64
		{60080EDC-AD94-4B0C-A0D4-CD20FA7FF320}.LipidSearch|x86.ActiveCfg = LipidSearch|Any CPU
		{60080EDC-AD94-4B0C-A0D4-CD20FA7FF320}.LipidSearch|x86.Build.0 = LipidSearch|Any CPU
		{60080EDC-AD94-4B0C-A0D4-CD20FA7FF320}.mysqli_X64_release|Any CPU.ActiveCfg = mzkit_win32|Any CPU
		{60080EDC-AD94-4B0C-A0D4-CD20FA7FF320}.mysqli_X64_release|Any CPU.Build.0 = mzkit_win32|Any CPU
		{60080EDC-AD94-4B0C-A0D4-CD20FA7FF320}.mysqli_X64_release|x64.ActiveCfg = Rsharp_app_release|x64
		{60080EDC-AD94-4B0C-A0D4-CD20FA7FF320}.mysqli_X64_release|x64.Build.0 = Rsharp_app_release|x64
		{60080EDC-AD94-4B0C-A0D4-CD20FA7FF320}.mysqli_X64_release|x86.ActiveCfg = mzkit_win32|Any CPU
		{60080EDC-AD94-4B0C-A0D4-CD20FA7FF320}.mysqli_X64_release|x86.Build.0 = mzkit_win32|Any CPU
		{60080EDC-AD94-4B0C-A0D4-CD20FA7FF320}.mzkit_win32|Any CPU.ActiveCfg = mzkit_win32|Any CPU
		{60080EDC-AD94-4B0C-A0D4-CD20FA7FF320}.mzkit_win32|Any CPU.Build.0 = mzkit_win32|Any CPU
		{60080EDC-AD94-4B0C-A0D4-CD20FA7FF320}.mzkit_win32|x64.ActiveCfg = mzkit_win32|x64
		{60080EDC-AD94-4B0C-A0D4-CD20FA7FF320}.mzkit_win32|x64.Build.0 = mzkit_win32|x64
		{60080EDC-AD94-4B0C-A0D4-CD20FA7FF320}.mzkit_win32|x86.ActiveCfg = mzkit_win32|Any CPU
		{60080EDC-AD94-4B0C-A0D4-CD20FA7FF320}.mzkit_win32|x86.Build.0 = mzkit_win32|Any CPU
		{60080EDC-AD94-4B0C-A0D4-CD20FA7FF320}.mzkit|Any CPU.ActiveCfg = mzkit_win32|Any CPU
		{60080EDC-AD94-4B0C-A0D4-CD20FA7FF320}.mzkit|Any CPU.Build.0 = mzkit_win32|Any CPU
		{60080EDC-AD94-4B0C-A0D4-CD20FA7FF320}.mzkit|x64.ActiveCfg = mzkit_win32|x64
		{60080EDC-AD94-4B0C-A0D4-CD20FA7FF320}.mzkit|x64.Build.0 = mzkit_win32|x64
		{60080EDC-AD94-4B0C-A0D4-CD20FA7FF320}.mzkit|x86.ActiveCfg = mzkit_win32|Any CPU
		{60080EDC-AD94-4B0C-A0D4-CD20FA7FF320}.mzkit|x86.Build.0 = mzkit_win32|Any CPU
		{60080EDC-AD94-4B0C-A0D4-CD20FA7FF320}.NPSearch|Any CPU.ActiveCfg = Debug|Any CPU
		{60080EDC-AD94-4B0C-A0D4-CD20FA7FF320}.NPSearch|Any CPU.Build.0 = Debug|Any CPU
		{60080EDC-AD94-4B0C-A0D4-CD20FA7FF320}.NPSearch|x64.ActiveCfg = Debug|x64
		{60080EDC-AD94-4B0C-A0D4-CD20FA7FF320}.NPSearch|x64.Build.0 = Debug|x64
		{60080EDC-AD94-4B0C-A0D4-CD20FA7FF320}.NPSearch|x86.ActiveCfg = Debug|Any CPU
		{60080EDC-AD94-4B0C-A0D4-CD20FA7FF320}.NPSearch|x86.Build.0 = Debug|Any CPU
		{60080EDC-AD94-4B0C-A0D4-CD20FA7FF320}.PlantMAT|Any CPU.ActiveCfg = Debug|Any CPU
		{60080EDC-AD94-4B0C-A0D4-CD20FA7FF320}.PlantMAT|Any CPU.Build.0 = Debug|Any CPU
		{60080EDC-AD94-4B0C-A0D4-CD20FA7FF320}.PlantMAT|x64.ActiveCfg = Debug|x64
		{60080EDC-AD94-4B0C-A0D4-CD20FA7FF320}.PlantMAT|x64.Build.0 = Debug|x64
		{60080EDC-AD94-4B0C-A0D4-CD20FA7FF320}.PlantMAT|x86.ActiveCfg = Debug|Any CPU
		{60080EDC-AD94-4B0C-A0D4-CD20FA7FF320}.PlantMAT|x86.Build.0 = Debug|Any CPU
		{60080EDC-AD94-4B0C-A0D4-CD20FA7FF320}.Publish|Any CPU.ActiveCfg = Debug|Any CPU
		{60080EDC-AD94-4B0C-A0D4-CD20FA7FF320}.Publish|Any CPU.Build.0 = Debug|Any CPU
		{60080EDC-AD94-4B0C-A0D4-CD20FA7FF320}.Publish|x64.ActiveCfg = Debug|x64
		{60080EDC-AD94-4B0C-A0D4-CD20FA7FF320}.Publish|x64.Build.0 = Debug|x64
		{60080EDC-AD94-4B0C-A0D4-CD20FA7FF320}.Publish|x86.ActiveCfg = Debug|Any CPU
		{60080EDC-AD94-4B0C-A0D4-CD20FA7FF320}.Publish|x86.Build.0 = Debug|Any CPU
		{60080EDC-AD94-4B0C-A0D4-CD20FA7FF320}.Release|Any CPU.ActiveCfg = Release|Any CPU
		{60080EDC-AD94-4B0C-A0D4-CD20FA7FF320}.Release|Any CPU.Build.0 = Release|Any CPU
		{60080EDC-AD94-4B0C-A0D4-CD20FA7FF320}.Release|x64.ActiveCfg = Release|x64
		{60080EDC-AD94-4B0C-A0D4-CD20FA7FF320}.Release|x64.Build.0 = Release|x64
		{60080EDC-AD94-4B0C-A0D4-CD20FA7FF320}.Release|x86.ActiveCfg = Release|Any CPU
		{60080EDC-AD94-4B0C-A0D4-CD20FA7FF320}.Release|x86.Build.0 = Release|Any CPU
		{60080EDC-AD94-4B0C-A0D4-CD20FA7FF320}.Rsharp_app_release|Any CPU.ActiveCfg = Rsharp_app_release|Any CPU
		{60080EDC-AD94-4B0C-A0D4-CD20FA7FF320}.Rsharp_app_release|Any CPU.Build.0 = Rsharp_app_release|Any CPU
		{60080EDC-AD94-4B0C-A0D4-CD20FA7FF320}.Rsharp_app_release|x64.ActiveCfg = Rsharp_app_release|x64
		{60080EDC-AD94-4B0C-A0D4-CD20FA7FF320}.Rsharp_app_release|x64.Build.0 = Rsharp_app_release|x64
		{60080EDC-AD94-4B0C-A0D4-CD20FA7FF320}.Rsharp_app_release|x86.ActiveCfg = Rsharp_app_release|Any CPU
		{60080EDC-AD94-4B0C-A0D4-CD20FA7FF320}.Rsharp_app_release|x86.Build.0 = Rsharp_app_release|Any CPU
		{C5A4C3F5-5627-4EC5-A03B-E790D7A29142}.Biodeep|Any CPU.ActiveCfg = Debug|Any CPU
		{C5A4C3F5-5627-4EC5-A03B-E790D7A29142}.Biodeep|Any CPU.Build.0 = Debug|Any CPU
		{C5A4C3F5-5627-4EC5-A03B-E790D7A29142}.Biodeep|x64.ActiveCfg = Debug|x64
		{C5A4C3F5-5627-4EC5-A03B-E790D7A29142}.Biodeep|x64.Build.0 = Debug|x64
		{C5A4C3F5-5627-4EC5-A03B-E790D7A29142}.Biodeep|x86.ActiveCfg = Debug|Any CPU
		{C5A4C3F5-5627-4EC5-A03B-E790D7A29142}.Biodeep|x86.Build.0 = Debug|Any CPU
		{C5A4C3F5-5627-4EC5-A03B-E790D7A29142}.Debug|Any CPU.ActiveCfg = Debug|Any CPU
		{C5A4C3F5-5627-4EC5-A03B-E790D7A29142}.Debug|Any CPU.Build.0 = Debug|Any CPU
		{C5A4C3F5-5627-4EC5-A03B-E790D7A29142}.Debug|x64.ActiveCfg = Debug|x64
		{C5A4C3F5-5627-4EC5-A03B-E790D7A29142}.Debug|x64.Build.0 = Debug|x64
		{C5A4C3F5-5627-4EC5-A03B-E790D7A29142}.Debug|x86.ActiveCfg = Debug|Any CPU
		{C5A4C3F5-5627-4EC5-A03B-E790D7A29142}.Debug|x86.Build.0 = Debug|Any CPU
		{C5A4C3F5-5627-4EC5-A03B-E790D7A29142}.GCModeller(Release_X64)|Any CPU.ActiveCfg = gcmodeller_desktop|Any CPU
		{C5A4C3F5-5627-4EC5-A03B-E790D7A29142}.GCModeller(Release_X64)|Any CPU.Build.0 = gcmodeller_desktop|Any CPU
		{C5A4C3F5-5627-4EC5-A03B-E790D7A29142}.GCModeller(Release_X64)|x64.ActiveCfg = gcmodeller_desktop|x64
		{C5A4C3F5-5627-4EC5-A03B-E790D7A29142}.GCModeller(Release_X64)|x64.Build.0 = gcmodeller_desktop|x64
		{C5A4C3F5-5627-4EC5-A03B-E790D7A29142}.GCModeller(Release_X64)|x86.ActiveCfg = gcmodeller_desktop|Any CPU
		{C5A4C3F5-5627-4EC5-A03B-E790D7A29142}.GCModeller(Release_X64)|x86.Build.0 = gcmodeller_desktop|Any CPU
		{C5A4C3F5-5627-4EC5-A03B-E790D7A29142}.GCModeller(UNIX-Release_X64)|Any CPU.ActiveCfg = gcmodeller_desktop|Any CPU
		{C5A4C3F5-5627-4EC5-A03B-E790D7A29142}.GCModeller(UNIX-Release_X64)|Any CPU.Build.0 = gcmodeller_desktop|Any CPU
		{C5A4C3F5-5627-4EC5-A03B-E790D7A29142}.GCModeller(UNIX-Release_X64)|x64.ActiveCfg = gcmodeller_desktop|x64
		{C5A4C3F5-5627-4EC5-A03B-E790D7A29142}.GCModeller(UNIX-Release_X64)|x64.Build.0 = gcmodeller_desktop|x64
		{C5A4C3F5-5627-4EC5-A03B-E790D7A29142}.GCModeller(UNIX-Release_X64)|x86.ActiveCfg = gcmodeller_desktop|Any CPU
		{C5A4C3F5-5627-4EC5-A03B-E790D7A29142}.GCModeller(UNIX-Release_X64)|x86.Build.0 = gcmodeller_desktop|Any CPU
		{C5A4C3F5-5627-4EC5-A03B-E790D7A29142}.gcmodeller_desktop|Any CPU.ActiveCfg = gcmodeller_desktop|Any CPU
		{C5A4C3F5-5627-4EC5-A03B-E790D7A29142}.gcmodeller_desktop|Any CPU.Build.0 = gcmodeller_desktop|Any CPU
		{C5A4C3F5-5627-4EC5-A03B-E790D7A29142}.gcmodeller_desktop|x64.ActiveCfg = gcmodeller_desktop|x64
		{C5A4C3F5-5627-4EC5-A03B-E790D7A29142}.gcmodeller_desktop|x64.Build.0 = gcmodeller_desktop|x64
		{C5A4C3F5-5627-4EC5-A03B-E790D7A29142}.gcmodeller_desktop|x86.ActiveCfg = gcmodeller_desktop|Any CPU
		{C5A4C3F5-5627-4EC5-A03B-E790D7A29142}.gcmodeller_desktop|x86.Build.0 = gcmodeller_desktop|Any CPU
		{C5A4C3F5-5627-4EC5-A03B-E790D7A29142}.LipidSearch|Any CPU.ActiveCfg = LipidSearch|Any CPU
		{C5A4C3F5-5627-4EC5-A03B-E790D7A29142}.LipidSearch|Any CPU.Build.0 = LipidSearch|Any CPU
		{C5A4C3F5-5627-4EC5-A03B-E790D7A29142}.LipidSearch|x64.ActiveCfg = LipidSearch|x64
		{C5A4C3F5-5627-4EC5-A03B-E790D7A29142}.LipidSearch|x64.Build.0 = LipidSearch|x64
		{C5A4C3F5-5627-4EC5-A03B-E790D7A29142}.LipidSearch|x86.ActiveCfg = LipidSearch|Any CPU
		{C5A4C3F5-5627-4EC5-A03B-E790D7A29142}.LipidSearch|x86.Build.0 = LipidSearch|Any CPU
		{C5A4C3F5-5627-4EC5-A03B-E790D7A29142}.mysqli_X64_release|Any CPU.ActiveCfg = mzkit_win32|Any CPU
		{C5A4C3F5-5627-4EC5-A03B-E790D7A29142}.mysqli_X64_release|Any CPU.Build.0 = mzkit_win32|Any CPU
		{C5A4C3F5-5627-4EC5-A03B-E790D7A29142}.mysqli_X64_release|x64.ActiveCfg = Rsharp_app_release|x64
		{C5A4C3F5-5627-4EC5-A03B-E790D7A29142}.mysqli_X64_release|x64.Build.0 = Rsharp_app_release|x64
		{C5A4C3F5-5627-4EC5-A03B-E790D7A29142}.mysqli_X64_release|x86.ActiveCfg = mzkit_win32|Any CPU
		{C5A4C3F5-5627-4EC5-A03B-E790D7A29142}.mysqli_X64_release|x86.Build.0 = mzkit_win32|Any CPU
		{C5A4C3F5-5627-4EC5-A03B-E790D7A29142}.mzkit_win32|Any CPU.ActiveCfg = mzkit_win32|Any CPU
		{C5A4C3F5-5627-4EC5-A03B-E790D7A29142}.mzkit_win32|Any CPU.Build.0 = mzkit_win32|Any CPU
		{C5A4C3F5-5627-4EC5-A03B-E790D7A29142}.mzkit_win32|x64.ActiveCfg = mzkit_win32|x64
		{C5A4C3F5-5627-4EC5-A03B-E790D7A29142}.mzkit_win32|x64.Build.0 = mzkit_win32|x64
		{C5A4C3F5-5627-4EC5-A03B-E790D7A29142}.mzkit_win32|x86.ActiveCfg = mzkit_win32|Any CPU
		{C5A4C3F5-5627-4EC5-A03B-E790D7A29142}.mzkit_win32|x86.Build.0 = mzkit_win32|Any CPU
		{C5A4C3F5-5627-4EC5-A03B-E790D7A29142}.mzkit|Any CPU.ActiveCfg = mzkit|Any CPU
		{C5A4C3F5-5627-4EC5-A03B-E790D7A29142}.mzkit|Any CPU.Build.0 = mzkit|Any CPU
		{C5A4C3F5-5627-4EC5-A03B-E790D7A29142}.mzkit|x64.ActiveCfg = mzkit|x64
		{C5A4C3F5-5627-4EC5-A03B-E790D7A29142}.mzkit|x64.Build.0 = mzkit|x64
		{C5A4C3F5-5627-4EC5-A03B-E790D7A29142}.mzkit|x86.ActiveCfg = mzkit|Any CPU
		{C5A4C3F5-5627-4EC5-A03B-E790D7A29142}.mzkit|x86.Build.0 = mzkit|Any CPU
		{C5A4C3F5-5627-4EC5-A03B-E790D7A29142}.NPSearch|Any CPU.ActiveCfg = NPSearch|Any CPU
		{C5A4C3F5-5627-4EC5-A03B-E790D7A29142}.NPSearch|Any CPU.Build.0 = NPSearch|Any CPU
		{C5A4C3F5-5627-4EC5-A03B-E790D7A29142}.NPSearch|x64.ActiveCfg = NPSearch|x64
		{C5A4C3F5-5627-4EC5-A03B-E790D7A29142}.NPSearch|x64.Build.0 = NPSearch|x64
		{C5A4C3F5-5627-4EC5-A03B-E790D7A29142}.NPSearch|x86.ActiveCfg = NPSearch|Any CPU
		{C5A4C3F5-5627-4EC5-A03B-E790D7A29142}.NPSearch|x86.Build.0 = NPSearch|Any CPU
		{C5A4C3F5-5627-4EC5-A03B-E790D7A29142}.PlantMAT|Any CPU.ActiveCfg = Debug|Any CPU
		{C5A4C3F5-5627-4EC5-A03B-E790D7A29142}.PlantMAT|Any CPU.Build.0 = Debug|Any CPU
		{C5A4C3F5-5627-4EC5-A03B-E790D7A29142}.PlantMAT|x64.ActiveCfg = Debug|x64
		{C5A4C3F5-5627-4EC5-A03B-E790D7A29142}.PlantMAT|x64.Build.0 = Debug|x64
		{C5A4C3F5-5627-4EC5-A03B-E790D7A29142}.PlantMAT|x86.ActiveCfg = Debug|Any CPU
		{C5A4C3F5-5627-4EC5-A03B-E790D7A29142}.PlantMAT|x86.Build.0 = Debug|Any CPU
		{C5A4C3F5-5627-4EC5-A03B-E790D7A29142}.Publish|Any CPU.ActiveCfg = Debug|Any CPU
		{C5A4C3F5-5627-4EC5-A03B-E790D7A29142}.Publish|Any CPU.Build.0 = Debug|Any CPU
		{C5A4C3F5-5627-4EC5-A03B-E790D7A29142}.Publish|x64.ActiveCfg = Debug|x64
		{C5A4C3F5-5627-4EC5-A03B-E790D7A29142}.Publish|x64.Build.0 = Debug|x64
		{C5A4C3F5-5627-4EC5-A03B-E790D7A29142}.Publish|x86.ActiveCfg = Debug|Any CPU
		{C5A4C3F5-5627-4EC5-A03B-E790D7A29142}.Publish|x86.Build.0 = Debug|Any CPU
		{C5A4C3F5-5627-4EC5-A03B-E790D7A29142}.Release|Any CPU.ActiveCfg = Release|Any CPU
		{C5A4C3F5-5627-4EC5-A03B-E790D7A29142}.Release|Any CPU.Build.0 = Release|Any CPU
		{C5A4C3F5-5627-4EC5-A03B-E790D7A29142}.Release|x64.ActiveCfg = Release|x64
		{C5A4C3F5-5627-4EC5-A03B-E790D7A29142}.Release|x64.Build.0 = Release|x64
		{C5A4C3F5-5627-4EC5-A03B-E790D7A29142}.Release|x86.ActiveCfg = Release|Any CPU
		{C5A4C3F5-5627-4EC5-A03B-E790D7A29142}.Release|x86.Build.0 = Release|Any CPU
		{C5A4C3F5-5627-4EC5-A03B-E790D7A29142}.Rsharp_app_release|Any CPU.ActiveCfg = Rsharp_app_release|Any CPU
		{C5A4C3F5-5627-4EC5-A03B-E790D7A29142}.Rsharp_app_release|Any CPU.Build.0 = Rsharp_app_release|Any CPU
		{C5A4C3F5-5627-4EC5-A03B-E790D7A29142}.Rsharp_app_release|x64.ActiveCfg = Rsharp_app_release|x64
		{C5A4C3F5-5627-4EC5-A03B-E790D7A29142}.Rsharp_app_release|x64.Build.0 = Rsharp_app_release|x64
		{C5A4C3F5-5627-4EC5-A03B-E790D7A29142}.Rsharp_app_release|x86.ActiveCfg = Rsharp_app_release|Any CPU
		{C5A4C3F5-5627-4EC5-A03B-E790D7A29142}.Rsharp_app_release|x86.Build.0 = Rsharp_app_release|Any CPU
		{65BDD478-5ED5-4631-81C7-1CC9828CEBC3}.Biodeep|Any CPU.ActiveCfg = Debug|Any CPU
		{65BDD478-5ED5-4631-81C7-1CC9828CEBC3}.Biodeep|Any CPU.Build.0 = Debug|Any CPU
		{65BDD478-5ED5-4631-81C7-1CC9828CEBC3}.Biodeep|x64.ActiveCfg = Debug|Any CPU
		{65BDD478-5ED5-4631-81C7-1CC9828CEBC3}.Biodeep|x64.Build.0 = Debug|Any CPU
		{65BDD478-5ED5-4631-81C7-1CC9828CEBC3}.Biodeep|x86.ActiveCfg = Debug|Any CPU
		{65BDD478-5ED5-4631-81C7-1CC9828CEBC3}.Biodeep|x86.Build.0 = Debug|Any CPU
		{65BDD478-5ED5-4631-81C7-1CC9828CEBC3}.Debug|Any CPU.ActiveCfg = Debug|Any CPU
		{65BDD478-5ED5-4631-81C7-1CC9828CEBC3}.Debug|Any CPU.Build.0 = Debug|Any CPU
		{65BDD478-5ED5-4631-81C7-1CC9828CEBC3}.Debug|x64.ActiveCfg = Debug|Any CPU
		{65BDD478-5ED5-4631-81C7-1CC9828CEBC3}.Debug|x64.Build.0 = Debug|Any CPU
		{65BDD478-5ED5-4631-81C7-1CC9828CEBC3}.Debug|x86.ActiveCfg = Debug|Any CPU
		{65BDD478-5ED5-4631-81C7-1CC9828CEBC3}.Debug|x86.Build.0 = Debug|Any CPU
		{65BDD478-5ED5-4631-81C7-1CC9828CEBC3}.GCModeller(Release_X64)|Any CPU.ActiveCfg = Release|Any CPU
		{65BDD478-5ED5-4631-81C7-1CC9828CEBC3}.GCModeller(Release_X64)|Any CPU.Build.0 = Release|Any CPU
		{65BDD478-5ED5-4631-81C7-1CC9828CEBC3}.GCModeller(Release_X64)|x64.ActiveCfg = Release|Any CPU
		{65BDD478-5ED5-4631-81C7-1CC9828CEBC3}.GCModeller(Release_X64)|x64.Build.0 = Release|Any CPU
		{65BDD478-5ED5-4631-81C7-1CC9828CEBC3}.GCModeller(Release_X64)|x86.ActiveCfg = Release|Any CPU
		{65BDD478-5ED5-4631-81C7-1CC9828CEBC3}.GCModeller(Release_X64)|x86.Build.0 = Release|Any CPU
		{65BDD478-5ED5-4631-81C7-1CC9828CEBC3}.GCModeller(UNIX-Release_X64)|Any CPU.ActiveCfg = Release|Any CPU
		{65BDD478-5ED5-4631-81C7-1CC9828CEBC3}.GCModeller(UNIX-Release_X64)|Any CPU.Build.0 = Release|Any CPU
		{65BDD478-5ED5-4631-81C7-1CC9828CEBC3}.GCModeller(UNIX-Release_X64)|x64.ActiveCfg = Release|Any CPU
		{65BDD478-5ED5-4631-81C7-1CC9828CEBC3}.GCModeller(UNIX-Release_X64)|x64.Build.0 = Release|Any CPU
		{65BDD478-5ED5-4631-81C7-1CC9828CEBC3}.GCModeller(UNIX-Release_X64)|x86.ActiveCfg = Release|Any CPU
		{65BDD478-5ED5-4631-81C7-1CC9828CEBC3}.GCModeller(UNIX-Release_X64)|x86.Build.0 = Release|Any CPU
		{65BDD478-5ED5-4631-81C7-1CC9828CEBC3}.gcmodeller_desktop|Any CPU.ActiveCfg = Debug|Any CPU
		{65BDD478-5ED5-4631-81C7-1CC9828CEBC3}.gcmodeller_desktop|Any CPU.Build.0 = Debug|Any CPU
		{65BDD478-5ED5-4631-81C7-1CC9828CEBC3}.gcmodeller_desktop|x64.ActiveCfg = Debug|Any CPU
		{65BDD478-5ED5-4631-81C7-1CC9828CEBC3}.gcmodeller_desktop|x64.Build.0 = Debug|Any CPU
		{65BDD478-5ED5-4631-81C7-1CC9828CEBC3}.gcmodeller_desktop|x86.ActiveCfg = Debug|Any CPU
		{65BDD478-5ED5-4631-81C7-1CC9828CEBC3}.gcmodeller_desktop|x86.Build.0 = Debug|Any CPU
		{65BDD478-5ED5-4631-81C7-1CC9828CEBC3}.LipidSearch|Any CPU.ActiveCfg = Debug|Any CPU
		{65BDD478-5ED5-4631-81C7-1CC9828CEBC3}.LipidSearch|Any CPU.Build.0 = Debug|Any CPU
		{65BDD478-5ED5-4631-81C7-1CC9828CEBC3}.LipidSearch|x64.ActiveCfg = Debug|Any CPU
		{65BDD478-5ED5-4631-81C7-1CC9828CEBC3}.LipidSearch|x64.Build.0 = Debug|Any CPU
		{65BDD478-5ED5-4631-81C7-1CC9828CEBC3}.LipidSearch|x86.ActiveCfg = Debug|Any CPU
		{65BDD478-5ED5-4631-81C7-1CC9828CEBC3}.LipidSearch|x86.Build.0 = Debug|Any CPU
		{65BDD478-5ED5-4631-81C7-1CC9828CEBC3}.mysqli_X64_release|Any CPU.ActiveCfg = Debug|Any CPU
		{65BDD478-5ED5-4631-81C7-1CC9828CEBC3}.mysqli_X64_release|Any CPU.Build.0 = Debug|Any CPU
		{65BDD478-5ED5-4631-81C7-1CC9828CEBC3}.mysqli_X64_release|x64.ActiveCfg = Debug|x64
		{65BDD478-5ED5-4631-81C7-1CC9828CEBC3}.mysqli_X64_release|x64.Build.0 = Debug|x64
		{65BDD478-5ED5-4631-81C7-1CC9828CEBC3}.mysqli_X64_release|x86.ActiveCfg = Debug|Any CPU
		{65BDD478-5ED5-4631-81C7-1CC9828CEBC3}.mysqli_X64_release|x86.Build.0 = Debug|Any CPU
		{65BDD478-5ED5-4631-81C7-1CC9828CEBC3}.mzkit_win32|Any CPU.ActiveCfg = Debug|Any CPU
		{65BDD478-5ED5-4631-81C7-1CC9828CEBC3}.mzkit_win32|Any CPU.Build.0 = Debug|Any CPU
		{65BDD478-5ED5-4631-81C7-1CC9828CEBC3}.mzkit_win32|x64.ActiveCfg = Debug|Any CPU
		{65BDD478-5ED5-4631-81C7-1CC9828CEBC3}.mzkit_win32|x64.Build.0 = Debug|Any CPU
		{65BDD478-5ED5-4631-81C7-1CC9828CEBC3}.mzkit_win32|x86.ActiveCfg = Debug|Any CPU
		{65BDD478-5ED5-4631-81C7-1CC9828CEBC3}.mzkit_win32|x86.Build.0 = Debug|Any CPU
		{65BDD478-5ED5-4631-81C7-1CC9828CEBC3}.mzkit|Any CPU.ActiveCfg = Debug|Any CPU
		{65BDD478-5ED5-4631-81C7-1CC9828CEBC3}.mzkit|Any CPU.Build.0 = Debug|Any CPU
		{65BDD478-5ED5-4631-81C7-1CC9828CEBC3}.mzkit|x64.ActiveCfg = Debug|Any CPU
		{65BDD478-5ED5-4631-81C7-1CC9828CEBC3}.mzkit|x64.Build.0 = Debug|Any CPU
		{65BDD478-5ED5-4631-81C7-1CC9828CEBC3}.mzkit|x86.ActiveCfg = Debug|Any CPU
		{65BDD478-5ED5-4631-81C7-1CC9828CEBC3}.mzkit|x86.Build.0 = Debug|Any CPU
		{65BDD478-5ED5-4631-81C7-1CC9828CEBC3}.NPSearch|Any CPU.ActiveCfg = Debug|Any CPU
		{65BDD478-5ED5-4631-81C7-1CC9828CEBC3}.NPSearch|Any CPU.Build.0 = Debug|Any CPU
		{65BDD478-5ED5-4631-81C7-1CC9828CEBC3}.NPSearch|x64.ActiveCfg = Debug|Any CPU
		{65BDD478-5ED5-4631-81C7-1CC9828CEBC3}.NPSearch|x64.Build.0 = Debug|Any CPU
		{65BDD478-5ED5-4631-81C7-1CC9828CEBC3}.NPSearch|x86.ActiveCfg = Debug|Any CPU
		{65BDD478-5ED5-4631-81C7-1CC9828CEBC3}.NPSearch|x86.Build.0 = Debug|Any CPU
		{65BDD478-5ED5-4631-81C7-1CC9828CEBC3}.PlantMAT|Any CPU.ActiveCfg = Debug|Any CPU
		{65BDD478-5ED5-4631-81C7-1CC9828CEBC3}.PlantMAT|Any CPU.Build.0 = Debug|Any CPU
		{65BDD478-5ED5-4631-81C7-1CC9828CEBC3}.PlantMAT|x64.ActiveCfg = Debug|Any CPU
		{65BDD478-5ED5-4631-81C7-1CC9828CEBC3}.PlantMAT|x64.Build.0 = Debug|Any CPU
		{65BDD478-5ED5-4631-81C7-1CC9828CEBC3}.PlantMAT|x86.ActiveCfg = Debug|Any CPU
		{65BDD478-5ED5-4631-81C7-1CC9828CEBC3}.PlantMAT|x86.Build.0 = Debug|Any CPU
		{65BDD478-5ED5-4631-81C7-1CC9828CEBC3}.Publish|Any CPU.ActiveCfg = Debug|Any CPU
		{65BDD478-5ED5-4631-81C7-1CC9828CEBC3}.Publish|Any CPU.Build.0 = Debug|Any CPU
		{65BDD478-5ED5-4631-81C7-1CC9828CEBC3}.Publish|x64.ActiveCfg = Debug|Any CPU
		{65BDD478-5ED5-4631-81C7-1CC9828CEBC3}.Publish|x64.Build.0 = Debug|Any CPU
		{65BDD478-5ED5-4631-81C7-1CC9828CEBC3}.Publish|x86.ActiveCfg = Debug|Any CPU
		{65BDD478-5ED5-4631-81C7-1CC9828CEBC3}.Publish|x86.Build.0 = Debug|Any CPU
		{65BDD478-5ED5-4631-81C7-1CC9828CEBC3}.Release|Any CPU.ActiveCfg = Release|Any CPU
		{65BDD478-5ED5-4631-81C7-1CC9828CEBC3}.Release|Any CPU.Build.0 = Release|Any CPU
		{65BDD478-5ED5-4631-81C7-1CC9828CEBC3}.Release|x64.ActiveCfg = Release|Any CPU
		{65BDD478-5ED5-4631-81C7-1CC9828CEBC3}.Release|x64.Build.0 = Release|Any CPU
		{65BDD478-5ED5-4631-81C7-1CC9828CEBC3}.Release|x86.ActiveCfg = Release|Any CPU
		{65BDD478-5ED5-4631-81C7-1CC9828CEBC3}.Release|x86.Build.0 = Release|Any CPU
		{65BDD478-5ED5-4631-81C7-1CC9828CEBC3}.Rsharp_app_release|Any CPU.ActiveCfg = Release|Any CPU
		{65BDD478-5ED5-4631-81C7-1CC9828CEBC3}.Rsharp_app_release|Any CPU.Build.0 = Release|Any CPU
		{65BDD478-5ED5-4631-81C7-1CC9828CEBC3}.Rsharp_app_release|x64.ActiveCfg = Release|Any CPU
		{65BDD478-5ED5-4631-81C7-1CC9828CEBC3}.Rsharp_app_release|x64.Build.0 = Release|Any CPU
		{65BDD478-5ED5-4631-81C7-1CC9828CEBC3}.Rsharp_app_release|x86.ActiveCfg = Release|Any CPU
		{65BDD478-5ED5-4631-81C7-1CC9828CEBC3}.Rsharp_app_release|x86.Build.0 = Release|Any CPU
	EndGlobalSection
	GlobalSection(SolutionProperties) = preSolution
		HideSolutionNode = FALSE
	EndGlobalSection
	GlobalSection(NestedProjects) = preSolution
		{A7FFE141-E491-415C-803A-58FD449AA7AA} = {D4C2FC70-1EFA-4E6C-8831-96D011A8622B}
		{60080EDC-AD94-4B0C-A0D4-CD20FA7FF320} = {D4C2FC70-1EFA-4E6C-8831-96D011A8622B}
		{C5A4C3F5-5627-4EC5-A03B-E790D7A29142} = {D4C2FC70-1EFA-4E6C-8831-96D011A8622B}
	EndGlobalSection
	GlobalSection(ExtensibilityGlobals) = postSolution
		SolutionGuid = {40092A1F-FA34-40F8-B7D6-9373941CA6D2}
	EndGlobalSection
EndGlobal
